// !$*UTF8*$!
{
	archiveVersion = 1;
	classes = {
	};
	objectVersion = 56;
	objects = {

/* Begin PBXBuildFile section */
		AEDB618029B6B8E300B72B25 /* AppDelegate.swift in Sources */ = {isa = PBXBuildFile; fileRef = AEDB617F29B6B8E300B72B25 /* AppDelegate.swift */; };
		AEDB618229B6B8E300B72B25 /* SceneDelegate.swift in Sources */ = {isa = PBXBuildFile; fileRef = AEDB618129B6B8E300B72B25 /* SceneDelegate.swift */; };
		AEDB618429B6B8E300B72B25 /* ReminderListViewController.swift in Sources */ = {isa = PBXBuildFile; fileRef = AEDB618329B6B8E300B72B25 /* ReminderListViewController.swift */; };
		AEDB618729B6B8E300B72B25 /* Main.storyboard in Resources */ = {isa = PBXBuildFile; fileRef = AEDB618529B6B8E300B72B25 /* Main.storyboard */; };
		AEDB618929B6B8E500B72B25 /* Assets.xcassets in Resources */ = {isa = PBXBuildFile; fileRef = AEDB618829B6B8E500B72B25 /* Assets.xcassets */; };
		AEDB618C29B6B8E500B72B25 /* LaunchScreen.storyboard in Resources */ = {isa = PBXBuildFile; fileRef = AEDB618A29B6B8E500B72B25 /* LaunchScreen.storyboard */; };
		AEDB619529B6BAC200B72B25 /* Reminder.swift in Sources */ = {isa = PBXBuildFile; fileRef = AEDB619429B6BAC200B72B25 /* Reminder.swift */; };
		AEDB619729B6CCE300B72B25 /* Date+Today.swift in Sources */ = {isa = PBXBuildFile; fileRef = AEDB619629B6CCE300B72B25 /* Date+Today.swift */; };
		AEDB619C29B6D12F00B72B25 /* ReminderListViewController+DataSource.swift in Sources */ = {isa = PBXBuildFile; fileRef = AEDB619B29B6D12F00B72B25 /* ReminderListViewController+DataSource.swift */; };
		AEDB619E29B6DA1200B72B25 /* UIColor+Today.swift in Sources */ = {isa = PBXBuildFile; fileRef = AEDB619D29B6DA1200B72B25 /* UIColor+Today.swift */; };
		AEDB61A029B80C8D00B72B25 /* ReminderDoneButton.swift in Sources */ = {isa = PBXBuildFile; fileRef = AEDB619F29B80C8D00B72B25 /* ReminderDoneButton.swift */; };
		AEDB61A229B80E2900B72B25 /* ReminderListViewController+Actions.swift in Sources */ = {isa = PBXBuildFile; fileRef = AEDB61A129B80E2900B72B25 /* ReminderListViewController+Actions.swift */; };
		AEDB61A429B82A3800B72B25 /* ReminderViewController.swift in Sources */ = {isa = PBXBuildFile; fileRef = AEDB61A329B82A3800B72B25 /* ReminderViewController.swift */; };
		AEDB61A729B83F7400B72B25 /* ReminderViewController+Row.swift in Sources */ = {isa = PBXBuildFile; fileRef = AEDB61A629B83F7400B72B25 /* ReminderViewController+Row.swift */; };
		AEDB61A929B85A9800B72B25 /* ReminderViewController+Section.swift in Sources */ = {isa = PBXBuildFile; fileRef = AEDB61A829B85A9800B72B25 /* ReminderViewController+Section.swift */; };
		AEDB61AB29B8EBFA00B72B25 /* ReminderViewController+CellConfiguration.swift in Sources */ = {isa = PBXBuildFile; fileRef = AEDB61AA29B8EBFA00B72B25 /* ReminderViewController+CellConfiguration.swift */; };
		AEDB61AE29B8EF4200B72B25 /* UIView+PinnedSubview.swift in Sources */ = {isa = PBXBuildFile; fileRef = AEDB61AD29B8EF4200B72B25 /* UIView+PinnedSubview.swift */; };
		AEDB61B029B8F67800B72B25 /* TextFieldContentView.swift in Sources */ = {isa = PBXBuildFile; fileRef = AEDB61AF29B8F67800B72B25 /* TextFieldContentView.swift */; };
		AEDB61B229B8F94500B72B25 /* UIContentConfiguration+Stateless.swift in Sources */ = {isa = PBXBuildFile; fileRef = AEDB61B129B8F94500B72B25 /* UIContentConfiguration+Stateless.swift */; };
		AEDB61B429B8FFE300B72B25 /* TextViewContentView.swift in Sources */ = {isa = PBXBuildFile; fileRef = AEDB61B329B8FFE300B72B25 /* TextViewContentView.swift */; };
		AEDB61B629B901F400B72B25 /* DatePickerContentView.swift in Sources */ = {isa = PBXBuildFile; fileRef = AEDB61B529B901F400B72B25 /* DatePickerContentView.swift */; };
		AEDB61B829B9D1A300B72B25 /* ReminderListStyle.swift in Sources */ = {isa = PBXBuildFile; fileRef = AEDB61B729B9D1A300B72B25 /* ReminderListStyle.swift */; };
/* End PBXBuildFile section */

/* Begin PBXFileReference section */
		AEDB617C29B6B8E300B72B25 /* Today.app */ = {isa = PBXFileReference; explicitFileType = wrapper.application; includeInIndex = 0; path = Today.app; sourceTree = BUILT_PRODUCTS_DIR; };
		AEDB617F29B6B8E300B72B25 /* AppDelegate.swift */ = {isa = PBXFileReference; lastKnownFileType = sourcecode.swift; path = AppDelegate.swift; sourceTree = "<group>"; };
		AEDB618129B6B8E300B72B25 /* SceneDelegate.swift */ = {isa = PBXFileReference; lastKnownFileType = sourcecode.swift; path = SceneDelegate.swift; sourceTree = "<group>"; };
		AEDB618329B6B8E300B72B25 /* ReminderListViewController.swift */ = {isa = PBXFileReference; lastKnownFileType = sourcecode.swift; path = ReminderListViewController.swift; sourceTree = "<group>"; };
		AEDB618629B6B8E300B72B25 /* Base */ = {isa = PBXFileReference; lastKnownFileType = file.storyboard; name = Base; path = Base.lproj/Main.storyboard; sourceTree = "<group>"; };
		AEDB618829B6B8E500B72B25 /* Assets.xcassets */ = {isa = PBXFileReference; lastKnownFileType = folder.assetcatalog; path = Assets.xcassets; sourceTree = "<group>"; };
		AEDB618B29B6B8E500B72B25 /* Base */ = {isa = PBXFileReference; lastKnownFileType = file.storyboard; name = Base; path = Base.lproj/LaunchScreen.storyboard; sourceTree = "<group>"; };
		AEDB618D29B6B8E500B72B25 /* Info.plist */ = {isa = PBXFileReference; lastKnownFileType = text.plist.xml; path = Info.plist; sourceTree = "<group>"; };
		AEDB619429B6BAC200B72B25 /* Reminder.swift */ = {isa = PBXFileReference; lastKnownFileType = sourcecode.swift; path = Reminder.swift; sourceTree = "<group>"; };
		AEDB619629B6CCE300B72B25 /* Date+Today.swift */ = {isa = PBXFileReference; lastKnownFileType = sourcecode.swift; path = "Date+Today.swift"; sourceTree = "<group>"; };
		AEDB619B29B6D12F00B72B25 /* ReminderListViewController+DataSource.swift */ = {isa = PBXFileReference; lastKnownFileType = sourcecode.swift; path = "ReminderListViewController+DataSource.swift"; sourceTree = "<group>"; };
		AEDB619D29B6DA1200B72B25 /* UIColor+Today.swift */ = {isa = PBXFileReference; lastKnownFileType = sourcecode.swift; path = "UIColor+Today.swift"; sourceTree = "<group>"; };
		AEDB619F29B80C8D00B72B25 /* ReminderDoneButton.swift */ = {isa = PBXFileReference; lastKnownFileType = sourcecode.swift; path = ReminderDoneButton.swift; sourceTree = "<group>"; };
		AEDB61A129B80E2900B72B25 /* ReminderListViewController+Actions.swift */ = {isa = PBXFileReference; lastKnownFileType = sourcecode.swift; path = "ReminderListViewController+Actions.swift"; sourceTree = "<group>"; };
		AEDB61A329B82A3800B72B25 /* ReminderViewController.swift */ = {isa = PBXFileReference; lastKnownFileType = sourcecode.swift; path = ReminderViewController.swift; sourceTree = "<group>"; };
		AEDB61A629B83F7400B72B25 /* ReminderViewController+Row.swift */ = {isa = PBXFileReference; lastKnownFileType = sourcecode.swift; path = "ReminderViewController+Row.swift"; sourceTree = "<group>"; };
		AEDB61A829B85A9800B72B25 /* ReminderViewController+Section.swift */ = {isa = PBXFileReference; lastKnownFileType = sourcecode.swift; path = "ReminderViewController+Section.swift"; sourceTree = "<group>"; };
		AEDB61AA29B8EBFA00B72B25 /* ReminderViewController+CellConfiguration.swift */ = {isa = PBXFileReference; lastKnownFileType = sourcecode.swift; path = "ReminderViewController+CellConfiguration.swift"; sourceTree = "<group>"; };
		AEDB61AD29B8EF4200B72B25 /* UIView+PinnedSubview.swift */ = {isa = PBXFileReference; lastKnownFileType = sourcecode.swift; path = "UIView+PinnedSubview.swift"; sourceTree = "<group>"; };
		AEDB61AF29B8F67800B72B25 /* TextFieldContentView.swift */ = {isa = PBXFileReference; lastKnownFileType = sourcecode.swift; path = TextFieldContentView.swift; sourceTree = "<group>"; };
		AEDB61B129B8F94500B72B25 /* UIContentConfiguration+Stateless.swift */ = {isa = PBXFileReference; lastKnownFileType = sourcecode.swift; path = "UIContentConfiguration+Stateless.swift"; sourceTree = "<group>"; };
		AEDB61B329B8FFE300B72B25 /* TextViewContentView.swift */ = {isa = PBXFileReference; lastKnownFileType = sourcecode.swift; path = TextViewContentView.swift; sourceTree = "<group>"; };
		AEDB61B529B901F400B72B25 /* DatePickerContentView.swift */ = {isa = PBXFileReference; lastKnownFileType = sourcecode.swift; path = DatePickerContentView.swift; sourceTree = "<group>"; };
		AEDB61B729B9D1A300B72B25 /* ReminderListStyle.swift */ = {isa = PBXFileReference; lastKnownFileType = sourcecode.swift; path = ReminderListStyle.swift; sourceTree = "<group>"; };
/* End PBXFileReference section */

/* Begin PBXFrameworksBuildPhase section */
		AEDB617929B6B8E300B72B25 /* Frameworks */ = {
			isa = PBXFrameworksBuildPhase;
			buildActionMask = 2147483647;
			files = (
			);
			runOnlyForDeploymentPostprocessing = 0;
		};
/* End PBXFrameworksBuildPhase section */

/* Begin PBXGroup section */
		AEDB617329B6B8E300B72B25 = {
			isa = PBXGroup;
			children = (
				AEDB617E29B6B8E300B72B25 /* Today */,
				AEDB617D29B6B8E300B72B25 /* Products */,
			);
			sourceTree = "<group>";
		};
		AEDB617D29B6B8E300B72B25 /* Products */ = {
			isa = PBXGroup;
			children = (
				AEDB617C29B6B8E300B72B25 /* Today.app */,
			);
			name = Products;
			sourceTree = "<group>";
		};
		AEDB617E29B6B8E300B72B25 /* Today */ = {
			isa = PBXGroup;
			children = (
				AEDB619329B6BA8600B72B25 /* Models */,
				AEDB617F29B6B8E300B72B25 /* AppDelegate.swift */,
				AEDB618129B6B8E300B72B25 /* SceneDelegate.swift */,
				AEDB619829B6D08F00B72B25 /* ListViewController */,
				AEDB61A529B83F4000B72B25 /* DetailViewController */,
				AEDB61AC29B8EF0700B72B25 /* ContentViews */,
				AEDB618529B6B8E300B72B25 /* Main.storyboard */,
				AEDB618829B6B8E500B72B25 /* Assets.xcassets */,
				AEDB618A29B6B8E500B72B25 /* LaunchScreen.storyboard */,
				AEDB618D29B6B8E500B72B25 /* Info.plist */,
			);
			path = Today;
			sourceTree = "<group>";
		};
		AEDB619329B6BA8600B72B25 /* Models */ = {
			isa = PBXGroup;
			children = (
				AEDB619429B6BAC200B72B25 /* Reminder.swift */,
				AEDB619629B6CCE300B72B25 /* Date+Today.swift */,
				AEDB619D29B6DA1200B72B25 /* UIColor+Today.swift */,
				AEDB61B729B9D1A300B72B25 /* ReminderListStyle.swift */,
			);
			path = Models;
			sourceTree = "<group>";
		};
		AEDB619829B6D08F00B72B25 /* ListViewController */ = {
			isa = PBXGroup;
			children = (
				AEDB618329B6B8E300B72B25 /* ReminderListViewController.swift */,
				AEDB619B29B6D12F00B72B25 /* ReminderListViewController+DataSource.swift */,
				AEDB619F29B80C8D00B72B25 /* ReminderDoneButton.swift */,
				AEDB61A129B80E2900B72B25 /* ReminderListViewController+Actions.swift */,
			);
			path = ListViewController;
			sourceTree = "<group>";
		};
		AEDB61A529B83F4000B72B25 /* DetailViewController */ = {
			isa = PBXGroup;
			children = (
				AEDB61A329B82A3800B72B25 /* ReminderViewController.swift */,
				AEDB61A629B83F7400B72B25 /* ReminderViewController+Row.swift */,
				AEDB61A829B85A9800B72B25 /* ReminderViewController+Section.swift */,
				AEDB61AA29B8EBFA00B72B25 /* ReminderViewController+CellConfiguration.swift */,
			);
			path = DetailViewController;
			sourceTree = "<group>";
		};
		AEDB61AC29B8EF0700B72B25 /* ContentViews */ = {
			isa = PBXGroup;
			children = (
				AEDB61AD29B8EF4200B72B25 /* UIView+PinnedSubview.swift */,
				AEDB61AF29B8F67800B72B25 /* TextFieldContentView.swift */,
				AEDB61B129B8F94500B72B25 /* UIContentConfiguration+Stateless.swift */,
				AEDB61B329B8FFE300B72B25 /* TextViewContentView.swift */,
				AEDB61B529B901F400B72B25 /* DatePickerContentView.swift */,
			);
			path = ContentViews;
			sourceTree = "<group>";
		};
/* End PBXGroup section */

/* Begin PBXNativeTarget section */
		AEDB617B29B6B8E300B72B25 /* Today */ = {
			isa = PBXNativeTarget;
			buildConfigurationList = AEDB619029B6B8E500B72B25 /* Build configuration list for PBXNativeTarget "Today" */;
			buildPhases = (
				AEDB617829B6B8E300B72B25 /* Sources */,
				AEDB617929B6B8E300B72B25 /* Frameworks */,
				AEDB617A29B6B8E300B72B25 /* Resources */,
			);
			buildRules = (
			);
			dependencies = (
			);
			name = Today;
			productName = Today;
			productReference = AEDB617C29B6B8E300B72B25 /* Today.app */;
			productType = "com.apple.product-type.application";
		};
/* End PBXNativeTarget section */

/* Begin PBXProject section */
		AEDB617429B6B8E300B72B25 /* Project object */ = {
			isa = PBXProject;
			attributes = {
				BuildIndependentTargetsInParallel = 1;
				LastSwiftUpdateCheck = 1420;
				LastUpgradeCheck = 1420;
				TargetAttributes = {
					AEDB617B29B6B8E300B72B25 = {
						CreatedOnToolsVersion = 14.2;
					};
				};
			};
			buildConfigurationList = AEDB617729B6B8E300B72B25 /* Build configuration list for PBXProject "Today" */;
			compatibilityVersion = "Xcode 14.0";
			developmentRegion = en;
			hasScannedForEncodings = 0;
			knownRegions = (
				en,
				Base,
			);
			mainGroup = AEDB617329B6B8E300B72B25;
			productRefGroup = AEDB617D29B6B8E300B72B25 /* Products */;
			projectDirPath = "";
			projectRoot = "";
			targets = (
				AEDB617B29B6B8E300B72B25 /* Today */,
			);
		};
/* End PBXProject section */

/* Begin PBXResourcesBuildPhase section */
		AEDB617A29B6B8E300B72B25 /* Resources */ = {
			isa = PBXResourcesBuildPhase;
			buildActionMask = 2147483647;
			files = (
				AEDB618C29B6B8E500B72B25 /* LaunchScreen.storyboard in Resources */,
				AEDB618929B6B8E500B72B25 /* Assets.xcassets in Resources */,
				AEDB618729B6B8E300B72B25 /* Main.storyboard in Resources */,
			);
			runOnlyForDeploymentPostprocessing = 0;
		};
/* End PBXResourcesBuildPhase section */

/* Begin PBXSourcesBuildPhase section */
		AEDB617829B6B8E300B72B25 /* Sources */ = {
			isa = PBXSourcesBuildPhase;
			buildActionMask = 2147483647;
			files = (
				AEDB61AE29B8EF4200B72B25 /* UIView+PinnedSubview.swift in Sources */,
				AEDB61A929B85A9800B72B25 /* ReminderViewController+Section.swift in Sources */,
				AEDB61B629B901F400B72B25 /* DatePickerContentView.swift in Sources */,
				AEDB619E29B6DA1200B72B25 /* UIColor+Today.swift in Sources */,
				AEDB61A229B80E2900B72B25 /* ReminderListViewController+Actions.swift in Sources */,
				AEDB61A429B82A3800B72B25 /* ReminderViewController.swift in Sources */,
				AEDB61B829B9D1A300B72B25 /* ReminderListStyle.swift in Sources */,
				AEDB61B229B8F94500B72B25 /* UIContentConfiguration+Stateless.swift in Sources */,
				AEDB618429B6B8E300B72B25 /* ReminderListViewController.swift in Sources */,
				AEDB619729B6CCE300B72B25 /* Date+Today.swift in Sources */,
				AEDB61B029B8F67800B72B25 /* TextFieldContentView.swift in Sources */,
				AEDB61B429B8FFE300B72B25 /* TextViewContentView.swift in Sources */,
				AEDB61A729B83F7400B72B25 /* ReminderViewController+Row.swift in Sources */,
				AEDB61A029B80C8D00B72B25 /* ReminderDoneButton.swift in Sources */,
				AEDB618029B6B8E300B72B25 /* AppDelegate.swift in Sources */,
				AEDB61AB29B8EBFA00B72B25 /* ReminderViewController+CellConfiguration.swift in Sources */,
				AEDB618229B6B8E300B72B25 /* SceneDelegate.swift in Sources */,
				AEDB619529B6BAC200B72B25 /* Reminder.swift in Sources */,
				AEDB619C29B6D12F00B72B25 /* ReminderListViewController+DataSource.swift in Sources */,
			);
			runOnlyForDeploymentPostprocessing = 0;
		};
/* End PBXSourcesBuildPhase section */

/* Begin PBXVariantGroup section */
		AEDB618529B6B8E300B72B25 /* Main.storyboard */ = {
			isa = PBXVariantGroup;
			children = (
				AEDB618629B6B8E300B72B25 /* Base */,
			);
			name = Main.storyboard;
			sourceTree = "<group>";
		};
		AEDB618A29B6B8E500B72B25 /* LaunchScreen.storyboard */ = {
			isa = PBXVariantGroup;
			children = (
				AEDB618B29B6B8E500B72B25 /* Base */,
			);
			name = LaunchScreen.storyboard;
			sourceTree = "<group>";
		};
/* End PBXVariantGroup section */

/* Begin XCBuildConfiguration section */
		AEDB618E29B6B8E500B72B25 /* Debug */ = {
			isa = XCBuildConfiguration;
			buildSettings = {
				ALWAYS_SEARCH_USER_PATHS = NO;
				CLANG_ANALYZER_NONNULL = YES;
				CLANG_ANALYZER_NUMBER_OBJECT_CONVERSION = YES_AGGRESSIVE;
				CLANG_CXX_LANGUAGE_STANDARD = "gnu++20";
				CLANG_ENABLE_MODULES = YES;
				CLANG_ENABLE_OBJC_ARC = YES;
				CLANG_ENABLE_OBJC_WEAK = YES;
				CLANG_WARN_BLOCK_CAPTURE_AUTORELEASING = YES;
				CLANG_WARN_BOOL_CONVERSION = YES;
				CLANG_WARN_COMMA = YES;
				CLANG_WARN_CONSTANT_CONVERSION = YES;
				CLANG_WARN_DEPRECATED_OBJC_IMPLEMENTATIONS = YES;
				CLANG_WARN_DIRECT_OBJC_ISA_USAGE = YES_ERROR;
				CLANG_WARN_DOCUMENTATION_COMMENTS = YES;
				CLANG_WARN_EMPTY_BODY = YES;
				CLANG_WARN_ENUM_CONVERSION = YES;
				CLANG_WARN_INFINITE_RECURSION = YES;
				CLANG_WARN_INT_CONVERSION = YES;
				CLANG_WARN_NON_LITERAL_NULL_CONVERSION = YES;
				CLANG_WARN_OBJC_IMPLICIT_RETAIN_SELF = YES;
				CLANG_WARN_OBJC_LITERAL_CONVERSION = YES;
				CLANG_WARN_OBJC_ROOT_CLASS = YES_ERROR;
				CLANG_WARN_QUOTED_INCLUDE_IN_FRAMEWORK_HEADER = YES;
				CLANG_WARN_RANGE_LOOP_ANALYSIS = YES;
				CLANG_WARN_STRICT_PROTOTYPES = YES;
				CLANG_WARN_SUSPICIOUS_MOVE = YES;
				CLANG_WARN_UNGUARDED_AVAILABILITY = YES_AGGRESSIVE;
				CLANG_WARN_UNREACHABLE_CODE = YES;
				CLANG_WARN__DUPLICATE_METHOD_MATCH = YES;
				COPY_PHASE_STRIP = NO;
				DEBUG_INFORMATION_FORMAT = dwarf;
				ENABLE_STRICT_OBJC_MSGSEND = YES;
				ENABLE_TESTABILITY = YES;
				GCC_C_LANGUAGE_STANDARD = gnu11;
				GCC_DYNAMIC_NO_PIC = NO;
				GCC_NO_COMMON_BLOCKS = YES;
				GCC_OPTIMIZATION_LEVEL = 0;
				GCC_PREPROCESSOR_DEFINITIONS = (
					"DEBUG=1",
					"$(inherited)",
				);
				GCC_WARN_64_TO_32_BIT_CONVERSION = YES;
				GCC_WARN_ABOUT_RETURN_TYPE = YES_ERROR;
				GCC_WARN_UNDECLARED_SELECTOR = YES;
				GCC_WARN_UNINITIALIZED_AUTOS = YES_AGGRESSIVE;
				GCC_WARN_UNUSED_FUNCTION = YES;
				GCC_WARN_UNUSED_VARIABLE = YES;
				IPHONEOS_DEPLOYMENT_TARGET = 16.2;
				MTL_ENABLE_DEBUG_INFO = INCLUDE_SOURCE;
				MTL_FAST_MATH = YES;
				ONLY_ACTIVE_ARCH = YES;
				SDKROOT = iphoneos;
				SWIFT_ACTIVE_COMPILATION_CONDITIONS = DEBUG;
				SWIFT_OPTIMIZATION_LEVEL = "-Onone";
			};
			name = Debug;
		};
		AEDB618F29B6B8E500B72B25 /* Release */ = {
			isa = XCBuildConfiguration;
			buildSettings = {
				ALWAYS_SEARCH_USER_PATHS = NO;
				CLANG_ANALYZER_NONNULL = YES;
				CLANG_ANALYZER_NUMBER_OBJECT_CONVERSION = YES_AGGRESSIVE;
				CLANG_CXX_LANGUAGE_STANDARD = "gnu++20";
				CLANG_ENABLE_MODULES = YES;
				CLANG_ENABLE_OBJC_ARC = YES;
				CLANG_ENABLE_OBJC_WEAK = YES;
				CLANG_WARN_BLOCK_CAPTURE_AUTORELEASING = YES;
				CLANG_WARN_BOOL_CONVERSION = YES;
				CLANG_WARN_COMMA = YES;
				CLANG_WARN_CONSTANT_CONVERSION = YES;
				CLANG_WARN_DEPRECATED_OBJC_IMPLEMENTATIONS = YES;
				CLANG_WARN_DIRECT_OBJC_ISA_USAGE = YES_ERROR;
				CLANG_WARN_DOCUMENTATION_COMMENTS = YES;
				CLANG_WARN_EMPTY_BODY = YES;
				CLANG_WARN_ENUM_CONVERSION = YES;
				CLANG_WARN_INFINITE_RECURSION = YES;
				CLANG_WARN_INT_CONVERSION = YES;
				CLANG_WARN_NON_LITERAL_NULL_CONVERSION = YES;
				CLANG_WARN_OBJC_IMPLICIT_RETAIN_SELF = YES;
				CLANG_WARN_OBJC_LITERAL_CONVERSION = YES;
				CLANG_WARN_OBJC_ROOT_CLASS = YES_ERROR;
				CLANG_WARN_QUOTED_INCLUDE_IN_FRAMEWORK_HEADER = YES;
				CLANG_WARN_RANGE_LOOP_ANALYSIS = YES;
				CLANG_WARN_STRICT_PROTOTYPES = YES;
				CLANG_WARN_SUSPICIOUS_MOVE = YES;
				CLANG_WARN_UNGUARDED_AVAILABILITY = YES_AGGRESSIVE;
				CLANG_WARN_UNREACHABLE_CODE = YES;
				CLANG_WARN__DUPLICATE_METHOD_MATCH = YES;
				COPY_PHASE_STRIP = NO;
				DEBUG_INFORMATION_FORMAT = "dwarf-with-dsym";
				ENABLE_NS_ASSERTIONS = NO;
				ENABLE_STRICT_OBJC_MSGSEND = YES;
				GCC_C_LANGUAGE_STANDARD = gnu11;
				GCC_NO_COMMON_BLOCKS = YES;
				GCC_WARN_64_TO_32_BIT_CONVERSION = YES;
				GCC_WARN_ABOUT_RETURN_TYPE = YES_ERROR;
				GCC_WARN_UNDECLARED_SELECTOR = YES;
				GCC_WARN_UNINITIALIZED_AUTOS = YES_AGGRESSIVE;
				GCC_WARN_UNUSED_FUNCTION = YES;
				GCC_WARN_UNUSED_VARIABLE = YES;
				IPHONEOS_DEPLOYMENT_TARGET = 16.2;
				MTL_ENABLE_DEBUG_INFO = NO;
				MTL_FAST_MATH = YES;
				SDKROOT = iphoneos;
				SWIFT_COMPILATION_MODE = wholemodule;
				SWIFT_OPTIMIZATION_LEVEL = "-O";
				VALIDATE_PRODUCT = YES;
			};
			name = Release;
		};
		AEDB619129B6B8E500B72B25 /* Debug */ = {
			isa = XCBuildConfiguration;
			buildSettings = {
				ASSETCATALOG_COMPILER_APPICON_NAME = AppIcon;
				ASSETCATALOG_COMPILER_GLOBAL_ACCENT_COLOR_NAME = AccentColor;
				CODE_SIGN_STYLE = Automatic;
				CURRENT_PROJECT_VERSION = 1;
				GENERATE_INFOPLIST_FILE = YES;
				INFOPLIST_FILE = Today/Info.plist;
				INFOPLIST_KEY_UIApplicationSupportsIndirectInputEvents = YES;
				INFOPLIST_KEY_UILaunchStoryboardName = LaunchScreen;
				INFOPLIST_KEY_UIMainStoryboardFile = Main;
				INFOPLIST_KEY_UISupportedInterfaceOrientations_iPad = "UIInterfaceOrientationPortrait UIInterfaceOrientationPortraitUpsideDown UIInterfaceOrientationLandscapeLeft UIInterfaceOrientationLandscapeRight";
				INFOPLIST_KEY_UISupportedInterfaceOrientations_iPhone = "UIInterfaceOrientationPortrait UIInterfaceOrientationLandscapeLeft UIInterfaceOrientationLandscapeRight";
				LD_RUNPATH_SEARCH_PATHS = (
					"$(inherited)",
					"@executable_path/Frameworks",
				);
				MARKETING_VERSION = 1.0;
				PRODUCT_BUNDLE_IDENTIFIER = com.Today;
				PRODUCT_NAME = "$(TARGET_NAME)";
				SWIFT_EMIT_LOC_STRINGS = YES;
				SWIFT_VERSION = 5.0;
				TARGETED_DEVICE_FAMILY = "1,2";
			};
			name = Debug;
		};
		AEDB619229B6B8E500B72B25 /* Release */ = {
			isa = XCBuildConfiguration;
			buildSettings = {
				ASSETCATALOG_COMPILER_APPICON_NAME = AppIcon;
				ASSETCATALOG_COMPILER_GLOBAL_ACCENT_COLOR_NAME = AccentColor;
				CODE_SIGN_STYLE = Automatic;
				CURRENT_PROJECT_VERSION = 1;
				GENERATE_INFOPLIST_FILE = YES;
				INFOPLIST_FILE = Today/Info.plist;
				INFOPLIST_KEY_UIApplicationSupportsIndirectInputEvents = YES;
				INFOPLIST_KEY_UILaunchStoryboardName = LaunchScreen;
				INFOPLIST_KEY_UIMainStoryboardFile = Main;
				INFOPLIST_KEY_UISupportedInterfaceOrientations_iPad = "UIInterfaceOrientationPortrait UIInterfaceOrientationPortraitUpsideDown UIInterfaceOrientationLandscapeLeft UIInterfaceOrientationLandscapeRight";
				INFOPLIST_KEY_UISupportedInterfaceOrientations_iPhone = "UIInterfaceOrientationPortrait UIInterfaceOrientationLandscapeLeft UIInterfaceOrientationLandscapeRight";
				LD_RUNPATH_SEARCH_PATHS = (
					"$(inherited)",
					"@executable_path/Frameworks",
				);
				MARKETING_VERSION = 1.0;
				PRODUCT_BUNDLE_IDENTIFIER = com.Today;
				PRODUCT_NAME = "$(TARGET_NAME)";
				SWIFT_EMIT_LOC_STRINGS = YES;
				SWIFT_VERSION = 5.0;
				TARGETED_DEVICE_FAMILY = "1,2";
			};
			name = Release;
		};
/* End XCBuildConfiguration section */

/* Begin XCConfigurationList section */
		AEDB617729B6B8E300B72B25 /* Build configuration list for PBXProject "Today" */ = {
			isa = XCConfigurationList;
			buildConfigurations = (
				AEDB618E29B6B8E500B72B25 /* Debug */,
				AEDB618F29B6B8E500B72B25 /* Release */,
			);
			defaultConfigurationIsVisible = 0;
			defaultConfigurationName = Release;
		};
		AEDB619029B6B8E500B72B25 /* Build configuration list for PBXNativeTarget "Today" */ = {
			isa = XCConfigurationList;
			buildConfigurations = (
				AEDB619129B6B8E500B72B25 /* Debug */,
				AEDB619229B6B8E500B72B25 /* Release */,
			);
			defaultConfigurationIsVisible = 0;
			defaultConfigurationName = Release;
		};
/* End XCConfigurationList section */
	};
	rootObject = AEDB617429B6B8E300B72B25 /* Project object */;
}
